github.com/drh/hugo-utilities v0.0.0-20240920214646-d2888a3cbbd8 h1:0tSXHCBhGQfGY1+dLQzfam2TVrSGJvBN0lx9Bkh93kU=
github.com/drh/hugo-utilities v0.0.0-20240920214646-d2888a3cbbd8/go.mod h1:qL7qv3MRA6HlKzfGkx39yvo+AEY5xU9tMYxS1v9+xTk=
github.com/drh/hugo-utilities v0.0.0-20240922033839-24c82e747bec h1:812JqZddBtzY9xg722Kolj/ySYSDiRDg/r+xeL61eoE=
github.com/drh/hugo-utilities v0.0.0-20240922033839-24c82e747bec/go.mod h1:qL7qv3MRA6HlKzfGkx39yvo+AEY5xU9tMYxS1v9+xTk=
